// !$*UTF8*$!
{
	archiveVersion = 1;
	classes = {
	};
	objectVersion = 77;
	objects = {

/* Begin PBXBuildFile section */
		0712B9FE2DE61E9D007DB32B /* Formula1UITests.swift in Sources */ = {isa = PBXBuildFile; fileRef = 0712B9FB2DE61E9D007DB32B /* Formula1UITests.swift */; };
		0712B9FF2DE61E9D007DB32B /* Formula1UITestsLaunchTests.swift in Sources */ = {isa = PBXBuildFile; fileRef = 0712B9FC2DE61E9D007DB32B /* Formula1UITestsLaunchTests.swift */; };
/* End PBXBuildFile section */

/* Begin PBXContainerItemProxy section */
		071F299E2DDBAEFE00F0FE77 /* PBXContainerItemProxy */ = {
			isa = PBXContainerItemProxy;
			containerPortal = 071F29852DDBAEFC00F0FE77 /* Project object */;
			proxyType = 1;
			remoteGlobalIDString = 071F298C2DDBAEFC00F0FE77;
			remoteInfo = Formula1;
		};
		071F29A82DDBAEFE00F0FE77 /* PBXContainerItemProxy */ = {
			isa = PBXContainerItemProxy;
			containerPortal = 071F29852DDBAEFC00F0FE77 /* Project object */;
			proxyType = 1;
			remoteGlobalIDString = 071F298C2DDBAEFC00F0FE77;
			remoteInfo = Formula1;
		};
/* End PBXContainerItemProxy section */

/* Begin PBXFileReference section */
		0712B9FB2DE61E9D007DB32B /* Formula1UITests.swift */ = {isa = PBXFileReference; lastKnownFileType = sourcecode.swift; path = Formula1UITests.swift; sourceTree = "<group>"; };
		0712B9FC2DE61E9D007DB32B /* Formula1UITestsLaunchTests.swift */ = {isa = PBXFileReference; lastKnownFileType = sourcecode.swift; path = Formula1UITestsLaunchTests.swift; sourceTree = "<group>"; };
		071F298D2DDBAEFC00F0FE77 /* Formula1.app */ = {isa = PBXFileReference; explicitFileType = wrapper.application; includeInIndex = 0; path = Formula1.app; sourceTree = BUILT_PRODUCTS_DIR; };
		071F299D2DDBAEFE00F0FE77 /* Formula1Tests.xctest */ = {isa = PBXFileReference; explicitFileType = wrapper.cfbundle; includeInIndex = 0; path = Formula1Tests.xctest; sourceTree = BUILT_PRODUCTS_DIR; };
		071F29A72DDBAEFE00F0FE77 /* Formula1UITests.xctest */ = {isa = PBXFileReference; explicitFileType = wrapper.cfbundle; includeInIndex = 0; path = Formula1UITests.xctest; sourceTree = BUILT_PRODUCTS_DIR; };
/* End PBXFileReference section */

/* Begin PBXFileSystemSynchronizedRootGroup section */
		071F298F2DDBAEFC00F0FE77 /* Formula1 */ = {
			isa = PBXFileSystemSynchronizedRootGroup;
			path = Formula1;
			sourceTree = "<group>";
		};
		071F29A02DDBAEFE00F0FE77 /* Formula1Tests */ = {
			isa = PBXFileSystemSynchronizedRootGroup;
			path = Formula1Tests;
			sourceTree = "<group>";
		};
/* End PBXFileSystemSynchronizedRootGroup section */

/* Begin PBXFrameworksBuildPhase section */
		071F298A2DDBAEFC00F0FE77 /* Frameworks */ = {
			isa = PBXFrameworksBuildPhase;
			buildActionMask = 2147483647;
			files = (
			);
			runOnlyForDeploymentPostprocessing = 0;
		};
		071F299A2DDBAEFE00F0FE77 /* Frameworks */ = {
			isa = PBXFrameworksBuildPhase;
			buildActionMask = 2147483647;
			files = (
			);
			runOnlyForDeploymentPostprocessing = 0;
		};
		071F29A42DDBAEFE00F0FE77 /* Frameworks */ = {
			isa = PBXFrameworksBuildPhase;
			buildActionMask = 2147483647;
			files = (
			);
			runOnlyForDeploymentPostprocessing = 0;
		};
/* End PBXFrameworksBuildPhase section */

/* Begin PBXGroup section */
		0712B9FD2DE61E9D007DB32B /* Formula1UITests */ = {
			isa = PBXGroup;
			children = (
				0712B9FB2DE61E9D007DB32B /* Formula1UITests.swift */,
				0712B9FC2DE61E9D007DB32B /* Formula1UITestsLaunchTests.swift */,
			);
			path = Formula1UITests;
			sourceTree = "<group>";
		};
		071F29842DDBAEFC00F0FE77 = {
			isa = PBXGroup;
			children = (
				071F298F2DDBAEFC00F0FE77 /* Formula1 */,
				0712B9FD2DE61E9D007DB32B /* Formula1UITests */,
				071F29A02DDBAEFE00F0FE77 /* Formula1Tests */,
				071F298E2DDBAEFC00F0FE77 /* Products */,
			);
			sourceTree = "<group>";
		};
		071F298E2DDBAEFC00F0FE77 /* Products */ = {
			isa = PBXGroup;
			children = (
				071F298D2DDBAEFC00F0FE77 /* Formula1.app */,
				071F299D2DDBAEFE00F0FE77 /* Formula1Tests.xctest */,
				071F29A72DDBAEFE00F0FE77 /* Formula1UITests.xctest */,
			);
			name = Products;
			sourceTree = "<group>";
		};
/* End PBXGroup section */

/* Begin PBXNativeTarget section */
		071F298C2DDBAEFC00F0FE77 /* Formula1 */ = {
			isa = PBXNativeTarget;
			buildConfigurationList = 071F29B12DDBAEFE00F0FE77 /* Build configuration list for PBXNativeTarget "Formula1" */;
			buildPhases = (
				071F29892DDBAEFC00F0FE77 /* Sources */,
				071F298A2DDBAEFC00F0FE77 /* Frameworks */,
				071F298B2DDBAEFC00F0FE77 /* Resources */,
			);
			buildRules = (
			);
			dependencies = (
			);
			fileSystemSynchronizedGroups = (
				071F298F2DDBAEFC00F0FE77 /* Formula1 */,
			);
			name = Formula1;
			packageProductDependencies = (
			);
			productName = Formula1;
			productReference = 071F298D2DDBAEFC00F0FE77 /* Formula1.app */;
			productType = "com.apple.product-type.application";
		};
		071F299C2DDBAEFE00F0FE77 /* Formula1Tests */ = {
			isa = PBXNativeTarget;
			buildConfigurationList = 071F29B42DDBAEFE00F0FE77 /* Build configuration list for PBXNativeTarget "Formula1Tests" */;
			buildPhases = (
				071F29992DDBAEFE00F0FE77 /* Sources */,
				071F299A2DDBAEFE00F0FE77 /* Frameworks */,
				071F299B2DDBAEFE00F0FE77 /* Resources */,
			);
			buildRules = (
			);
			dependencies = (
				071F299F2DDBAEFE00F0FE77 /* PBXTargetDependency */,
			);
			fileSystemSynchronizedGroups = (
				071F29A02DDBAEFE00F0FE77 /* Formula1Tests */,
			);
			name = Formula1Tests;
			packageProductDependencies = (
			);
			productName = Formula1Tests;
			productReference = 071F299D2DDBAEFE00F0FE77 /* Formula1Tests.xctest */;
			productType = "com.apple.product-type.bundle.unit-test";
		};
		071F29A62DDBAEFE00F0FE77 /* Formula1UITests */ = {
			isa = PBXNativeTarget;
			buildConfigurationList = 071F29B72DDBAEFE00F0FE77 /* Build configuration list for PBXNativeTarget "Formula1UITests" */;
			buildPhases = (
				071F29A32DDBAEFE00F0FE77 /* Sources */,
				071F29A42DDBAEFE00F0FE77 /* Frameworks */,
				071F29A52DDBAEFE00F0FE77 /* Resources */,
			);
			buildRules = (
			);
			dependencies = (
				071F29A92DDBAEFE00F0FE77 /* PBXTargetDependency */,
			);
			name = Formula1UITests;
			packageProductDependencies = (
			);
			productName = Formula1UITests;
			productReference = 071F29A72DDBAEFE00F0FE77 /* Formula1UITests.xctest */;
			productType = "com.apple.product-type.bundle.ui-testing";
		};
/* End PBXNativeTarget section */

/* Begin PBXProject section */
		071F29852DDBAEFC00F0FE77 /* Project object */ = {
			isa = PBXProject;
			attributes = {
				BuildIndependentTargetsInParallel = 1;
				LastSwiftUpdateCheck = 1620;
				LastUpgradeCheck = 1620;
				TargetAttributes = {
					071F298C2DDBAEFC00F0FE77 = {
						CreatedOnToolsVersion = 16.2;
					};
					071F299C2DDBAEFE00F0FE77 = {
						CreatedOnToolsVersion = 16.2;
						TestTargetID = 071F298C2DDBAEFC00F0FE77;
					};
					071F29A62DDBAEFE00F0FE77 = {
						CreatedOnToolsVersion = 16.2;
						LastSwiftMigration = 1620;
						TestTargetID = 071F298C2DDBAEFC00F0FE77;
					};
				};
			};
			buildConfigurationList = 071F29882DDBAEFC00F0FE77 /* Build configuration list for PBXProject "Formula1" */;
			developmentRegion = en;
			hasScannedForEncodings = 0;
			knownRegions = (
				en,
				Base,
			);
			mainGroup = 071F29842DDBAEFC00F0FE77;
			minimizedProjectReferenceProxies = 1;
			preferredProjectObjectVersion = 77;
			productRefGroup = 071F298E2DDBAEFC00F0FE77 /* Products */;
			projectDirPath = "";
			projectRoot = "";
			targets = (
				071F298C2DDBAEFC00F0FE77 /* Formula1 */,
				071F299C2DDBAEFE00F0FE77 /* Formula1Tests */,
				071F29A62DDBAEFE00F0FE77 /* Formula1UITests */,
			);
		};
/* End PBXProject section */

/* Begin PBXResourcesBuildPhase section */
		071F298B2DDBAEFC00F0FE77 /* Resources */ = {
			isa = PBXResourcesBuildPhase;
			buildActionMask = 2147483647;
			files = (
			);
			runOnlyForDeploymentPostprocessing = 0;
		};
		071F299B2DDBAEFE00F0FE77 /* Resources */ = {
			isa = PBXResourcesBuildPhase;
			buildActionMask = 2147483647;
			files = (
			);
			runOnlyForDeploymentPostprocessing = 0;
		};
		071F29A52DDBAEFE00F0FE77 /* Resources */ = {
			isa = PBXResourcesBuildPhase;
			buildActionMask = 2147483647;
			files = (
			);
			runOnlyForDeploymentPostprocessing = 0;
		};
/* End PBXResourcesBuildPhase section */

/* Begin PBXSourcesBuildPhase section */
		071F29892DDBAEFC00F0FE77 /* Sources */ = {
			isa = PBXSourcesBuildPhase;
			buildActionMask = 2147483647;
			files = (
			);
			runOnlyForDeploymentPostprocessing = 0;
		};
		071F29992DDBAEFE00F0FE77 /* Sources */ = {
			isa = PBXSourcesBuildPhase;
			buildActionMask = 2147483647;
			files = (
			);
			runOnlyForDeploymentPostprocessing = 0;
		};
		071F29A32DDBAEFE00F0FE77 /* Sources */ = {
			isa = PBXSourcesBuildPhase;
			buildActionMask = 2147483647;
			files = (
				0712B9FE2DE61E9D007DB32B /* Formula1UITests.swift in Sources */,
				0712B9FF2DE61E9D007DB32B /* Formula1UITestsLaunchTests.swift in Sources */,
			);
			runOnlyForDeploymentPostprocessing = 0;
		};
/* End PBXSourcesBuildPhase section */

/* Begin PBXTargetDependency section */
		071F299F2DDBAEFE00F0FE77 /* PBXTargetDependency */ = {
			isa = PBXTargetDependency;
			target = 071F298C2DDBAEFC00F0FE77 /* Formula1 */;
			targetProxy = 071F299E2DDBAEFE00F0FE77 /* PBXContainerItemProxy */;
		};
		071F29A92DDBAEFE00F0FE77 /* PBXTargetDependency */ = {
			isa = PBXTargetDependency;
			target = 071F298C2DDBAEFC00F0FE77 /* Formula1 */;
			targetProxy = 071F29A82DDBAEFE00F0FE77 /* PBXContainerItemProxy */;
		};
/* End PBXTargetDependency section */

/* Begin XCBuildConfiguration section */
		071F29AF2DDBAEFE00F0FE77 /* Debug */ = {
			isa = XCBuildConfiguration;
			buildSettings = {
				ALWAYS_SEARCH_USER_PATHS = NO;
				ASSETCATALOG_COMPILER_GENERATE_SWIFT_ASSET_SYMBOL_EXTENSIONS = YES;
				CLANG_ANALYZER_NONNULL = YES;
				CLANG_ANALYZER_NUMBER_OBJECT_CONVERSION = YES_AGGRESSIVE;
				CLANG_CXX_LANGUAGE_STANDARD = "gnu++20";
				CLANG_ENABLE_MODULES = YES;
				CLANG_ENABLE_OBJC_ARC = YES;
				CLANG_ENABLE_OBJC_WEAK = YES;
				CLANG_WARN_BLOCK_CAPTURE_AUTORELEASING = YES;
				CLANG_WARN_BOOL_CONVERSION = YES;
				CLANG_WARN_COMMA = YES;
				CLANG_WARN_CONSTANT_CONVERSION = YES;
				CLANG_WARN_DEPRECATED_OBJC_IMPLEMENTATIONS = YES;
				CLANG_WARN_DIRECT_OBJC_ISA_USAGE = YES_ERROR;
				CLANG_WARN_DOCUMENTATION_COMMENTS = YES;
				CLANG_WARN_EMPTY_BODY = YES;
				CLANG_WARN_ENUM_CONVERSION = YES;
				CLANG_WARN_INFINITE_RECURSION = YES;
				CLANG_WARN_INT_CONVERSION = YES;
				CLANG_WARN_NON_LITERAL_NULL_CONVERSION = YES;
				CLANG_WARN_OBJC_IMPLICIT_RETAIN_SELF = YES;
				CLANG_WARN_OBJC_LITERAL_CONVERSION = YES;
				CLANG_WARN_OBJC_ROOT_CLASS = YES_ERROR;
				CLANG_WARN_QUOTED_INCLUDE_IN_FRAMEWORK_HEADER = YES;
				CLANG_WARN_RANGE_LOOP_ANALYSIS = YES;
				CLANG_WARN_STRICT_PROTOTYPES = YES;
				CLANG_WARN_SUSPICIOUS_MOVE = YES;
				CLANG_WARN_UNGUARDED_AVAILABILITY = YES_AGGRESSIVE;
				CLANG_WARN_UNREACHABLE_CODE = YES;
				CLANG_WARN__DUPLICATE_METHOD_MATCH = YES;
				COPY_PHASE_STRIP = NO;
				DEBUG_INFORMATION_FORMAT = dwarf;
				ENABLE_STRICT_OBJC_MSGSEND = YES;
				ENABLE_TESTABILITY = YES;
				ENABLE_USER_SCRIPT_SANDBOXING = YES;
				GCC_C_LANGUAGE_STANDARD = gnu17;
				GCC_DYNAMIC_NO_PIC = NO;
				GCC_NO_COMMON_BLOCKS = YES;
				GCC_OPTIMIZATION_LEVEL = 0;
				GCC_PREPROCESSOR_DEFINITIONS = (
					"DEBUG=1",
					"$(inherited)",
				);
				GCC_WARN_64_TO_32_BIT_CONVERSION = YES;
				GCC_WARN_ABOUT_RETURN_TYPE = YES_ERROR;
				GCC_WARN_UNDECLARED_SELECTOR = YES;
				GCC_WARN_UNINITIALIZED_AUTOS = YES_AGGRESSIVE;
				GCC_WARN_UNUSED_FUNCTION = YES;
				GCC_WARN_UNUSED_VARIABLE = YES;
				IPHONEOS_DEPLOYMENT_TARGET = 18.2;
				LOCALIZATION_PREFERS_STRING_CATALOGS = YES;
				MTL_ENABLE_DEBUG_INFO = INCLUDE_SOURCE;
				MTL_FAST_MATH = YES;
				ONLY_ACTIVE_ARCH = YES;
				SDKROOT = iphoneos;
				SWIFT_ACTIVE_COMPILATION_CONDITIONS = "DEBUG $(inherited)";
				SWIFT_OPTIMIZATION_LEVEL = "-Onone";
			};
			name = Debug;
		};
		071F29B02DDBAEFE00F0FE77 /* Release */ = {
			isa = XCBuildConfiguration;
			buildSettings = {
				ALWAYS_SEARCH_USER_PATHS = NO;
				ASSETCATALOG_COMPILER_GENERATE_SWIFT_ASSET_SYMBOL_EXTENSIONS = YES;
				CLANG_ANALYZER_NONNULL = YES;
				CLANG_ANALYZER_NUMBER_OBJECT_CONVERSION = YES_AGGRESSIVE;
				CLANG_CXX_LANGUAGE_STANDARD = "gnu++20";
				CLANG_ENABLE_MODULES = YES;
				CLANG_ENABLE_OBJC_ARC = YES;
				CLANG_ENABLE_OBJC_WEAK = YES;
				CLANG_WARN_BLOCK_CAPTURE_AUTORELEASING = YES;
				CLANG_WARN_BOOL_CONVERSION = YES;
				CLANG_WARN_COMMA = YES;
				CLANG_WARN_CONSTANT_CONVERSION = YES;
				CLANG_WARN_DEPRECATED_OBJC_IMPLEMENTATIONS = YES;
				CLANG_WARN_DIRECT_OBJC_ISA_USAGE = YES_ERROR;
				CLANG_WARN_DOCUMENTATION_COMMENTS = YES;
				CLANG_WARN_EMPTY_BODY = YES;
				CLANG_WARN_ENUM_CONVERSION = YES;
				CLANG_WARN_INFINITE_RECURSION = YES;
				CLANG_WARN_INT_CONVERSION = YES;
				CLANG_WARN_NON_LITERAL_NULL_CONVERSION = YES;
				CLANG_WARN_OBJC_IMPLICIT_RETAIN_SELF = YES;
				CLANG_WARN_OBJC_LITERAL_CONVERSION = YES;
				CLANG_WARN_OBJC_ROOT_CLASS = YES_ERROR;
				CLANG_WARN_QUOTED_INCLUDE_IN_FRAMEWORK_HEADER = YES;
				CLANG_WARN_RANGE_LOOP_ANALYSIS = YES;
				CLANG_WARN_STRICT_PROTOTYPES = YES;
				CLANG_WARN_SUSPICIOUS_MOVE = YES;
				CLANG_WARN_UNGUARDED_AVAILABILITY = YES_AGGRESSIVE;
				CLANG_WARN_UNREACHABLE_CODE = YES;
				CLANG_WARN__DUPLICATE_METHOD_MATCH = YES;
				COPY_PHASE_STRIP = NO;
				DEBUG_INFORMATION_FORMAT = "dwarf-with-dsym";
				ENABLE_NS_ASSERTIONS = NO;
				ENABLE_STRICT_OBJC_MSGSEND = YES;
				ENABLE_USER_SCRIPT_SANDBOXING = YES;
				GCC_C_LANGUAGE_STANDARD = gnu17;
				GCC_NO_COMMON_BLOCKS = YES;
				GCC_WARN_64_TO_32_BIT_CONVERSION = YES;
				GCC_WARN_ABOUT_RETURN_TYPE = YES_ERROR;
				GCC_WARN_UNDECLARED_SELECTOR = YES;
				GCC_WARN_UNINITIALIZED_AUTOS = YES_AGGRESSIVE;
				GCC_WARN_UNUSED_FUNCTION = YES;
				GCC_WARN_UNUSED_VARIABLE = YES;
				IPHONEOS_DEPLOYMENT_TARGET = 18.2;
				LOCALIZATION_PREFERS_STRING_CATALOGS = YES;
				MTL_ENABLE_DEBUG_INFO = NO;
				MTL_FAST_MATH = YES;
				SDKROOT = iphoneos;
				SWIFT_COMPILATION_MODE = wholemodule;
				VALIDATE_PRODUCT = YES;
			};
			name = Release;
		};
		071F29B22DDBAEFE00F0FE77 /* Debug */ = {
			isa = XCBuildConfiguration;
			buildSettings = {
				ASSETCATALOG_COMPILER_APPICON_NAME = AppIcon;
				ASSETCATALOG_COMPILER_GLOBAL_ACCENT_COLOR_NAME = AccentColor;
				CODE_SIGN_STYLE = Automatic;
				CURRENT_PROJECT_VERSION = 1;
				DEVELOPMENT_ASSET_PATHS = "\"Formula1/Preview Content\"";
				DEVELOPMENT_TEAM = NVQB3J5HF7;
				ENABLE_PREVIEWS = YES;
				GENERATE_INFOPLIST_FILE = YES;
				INFOPLIST_KEY_UIApplicationSceneManifest_Generation = YES;
				INFOPLIST_KEY_UIApplicationSupportsIndirectInputEvents = YES;
				INFOPLIST_KEY_UILaunchScreen_Generation = YES;
				INFOPLIST_KEY_UILaunchStoryboardName = SplashScreenView;
				INFOPLIST_KEY_UISupportedInterfaceOrientations_iPad = "UIInterfaceOrientationPortrait UIInterfaceOrientationPortraitUpsideDown UIInterfaceOrientationLandscapeLeft UIInterfaceOrientationLandscapeRight";
				INFOPLIST_KEY_UISupportedInterfaceOrientations_iPhone = "UIInterfaceOrientationPortrait UIInterfaceOrientationLandscapeLeft UIInterfaceOrientationLandscapeRight";
				LD_RUNPATH_SEARCH_PATHS = (
					"$(inherited)",
					"@executable_path/Frameworks",
				);
				MARKETING_VERSION = 1.0;
				PRODUCT_BUNDLE_IDENTIFIER = com.karim.Formula1;
				PRODUCT_NAME = "$(TARGET_NAME)";
				SWIFT_EMIT_LOC_STRINGS = YES;
				SWIFT_VERSION = 5.0;
				TARGETED_DEVICE_FAMILY = "1,2";
			};
			name = Debug;
		};
		071F29B32DDBAEFE00F0FE77 /* Release */ = {
			isa = XCBuildConfiguration;
			buildSettings = {
				ASSETCATALOG_COMPILER_APPICON_NAME = AppIcon;
				ASSETCATALOG_COMPILER_GLOBAL_ACCENT_COLOR_NAME = AccentColor;
				CODE_SIGN_STYLE = Automatic;
				CURRENT_PROJECT_VERSION = 1;
				DEVELOPMENT_ASSET_PATHS = "\"Formula1/Preview Content\"";
				DEVELOPMENT_TEAM = NVQB3J5HF7;
				ENABLE_PREVIEWS = YES;
				GENERATE_INFOPLIST_FILE = YES;
				INFOPLIST_KEY_UIApplicationSceneManifest_Generation = YES;
				INFOPLIST_KEY_UIApplicationSupportsIndirectInputEvents = YES;
				INFOPLIST_KEY_UILaunchScreen_Generation = YES;
				INFOPLIST_KEY_UILaunchStoryboardName = SplashScreenView;
				INFOPLIST_KEY_UISupportedInterfaceOrientations_iPad = "UIInterfaceOrientationPortrait UIInterfaceOrientationPortraitUpsideDown UIInterfaceOrientationLandscapeLeft UIInterfaceOrientationLandscapeRight";
				INFOPLIST_KEY_UISupportedInterfaceOrientations_iPhone = "UIInterfaceOrientationPortrait UIInterfaceOrientationLandscapeLeft UIInterfaceOrientationLandscapeRight";
				LD_RUNPATH_SEARCH_PATHS = (
					"$(inherited)",
					"@executable_path/Frameworks",
				);
				MARKETING_VERSION = 1.0;
				PRODUCT_BUNDLE_IDENTIFIER = com.karim.Formula1;
				PRODUCT_NAME = "$(TARGET_NAME)";
				SWIFT_EMIT_LOC_STRINGS = YES;
				SWIFT_VERSION = 5.0;
				TARGETED_DEVICE_FAMILY = "1,2";
			};
			name = Release;
		};
		071F29B52DDBAEFE00F0FE77 /* Debug */ = {
			isa = XCBuildConfiguration;
			buildSettings = {
				BUNDLE_LOADER = "$(TEST_HOST)";
				CODE_SIGN_STYLE = Automatic;
				CURRENT_PROJECT_VERSION = 1;
				DEVELOPMENT_TEAM = NVQB3J5HF7;
				GENERATE_INFOPLIST_FILE = YES;
				IPHONEOS_DEPLOYMENT_TARGET = 18.2;
				MARKETING_VERSION = 1.0;
				PRODUCT_BUNDLE_IDENTIFIER = com.karim.Formula1Tests;
				PRODUCT_NAME = "$(TARGET_NAME)";
				SWIFT_EMIT_LOC_STRINGS = NO;
				SWIFT_VERSION = 5.0;
				TARGETED_DEVICE_FAMILY = "1,2";
				TEST_HOST = "$(BUILT_PRODUCTS_DIR)/Formula1.app/$(BUNDLE_EXECUTABLE_FOLDER_PATH)/Formula1";
			};
			name = Debug;
		};
		071F29B62DDBAEFE00F0FE77 /* Release */ = {
			isa = XCBuildConfiguration;
			buildSettings = {
				BUNDLE_LOADER = "$(TEST_HOST)";
				CODE_SIGN_STYLE = Automatic;
				CURRENT_PROJECT_VERSION = 1;
				DEVELOPMENT_TEAM = NVQB3J5HF7;
				GENERATE_INFOPLIST_FILE = YES;
				IPHONEOS_DEPLOYMENT_TARGET = 18.2;
				MARKETING_VERSION = 1.0;
				PRODUCT_BUNDLE_IDENTIFIER = com.karim.Formula1Tests;
				PRODUCT_NAME = "$(TARGET_NAME)";
				SWIFT_EMIT_LOC_STRINGS = NO;
				SWIFT_VERSION = 5.0;
				TARGETED_DEVICE_FAMILY = "1,2";
				TEST_HOST = "$(BUILT_PRODUCTS_DIR)/Formula1.app/$(BUNDLE_EXECUTABLE_FOLDER_PATH)/Formula1";
			};
			name = Release;
		};
		071F29B82DDBAEFE00F0FE77 /* Debug */ = {
			isa = XCBuildConfiguration;
			buildSettings = {
				CLANG_ENABLE_MODULES = YES;
				CODE_SIGN_STYLE = Automatic;
				CURRENT_PROJECT_VERSION = 1;
				DEVELOPMENT_TEAM = NVQB3J5HF7;
				GENERATE_INFOPLIST_FILE = YES;
				MARKETING_VERSION = 1.0;
				PRODUCT_BUNDLE_IDENTIFIER = com.karim.Formula1UITests;
				PRODUCT_NAME = "$(TARGET_NAME)";
				SWIFT_EMIT_LOC_STRINGS = NO;
				SWIFT_OPTIMIZATION_LEVEL = "-Onone";
				SWIFT_VERSION = 5.0;
				TARGETED_DEVICE_FAMILY = "1,2";
				TEST_TARGET_NAME = Formula1;
			};
			name = Debug;
		};
		071F29B92DDBAEFE00F0FE77 /* Release */ = {
			isa = XCBuildConfiguration;
			buildSettings = {
				CLANG_ENABLE_MODULES = YES;
				CODE_SIGN_STYLE = Automatic;
				CURRENT_PROJECT_VERSION = 1;
				DEVELOPMENT_TEAM = NVQB3J5HF7;
				GENERATE_INFOPLIST_FILE = YES;
				MARKETING_VERSION = 1.0;
				PRODUCT_BUNDLE_IDENTIFIER = com.karim.Formula1UITests;
				PRODUCT_NAME = "$(TARGET_NAME)";
				SWIFT_EMIT_LOC_STRINGS = NO;
				SWIFT_VERSION = 5.0;
				TARGETED_DEVICE_FAMILY = "1,2";
				TEST_TARGET_NAME = Formula1;
			};
			name = Release;
		};
/* End XCBuildConfiguration section */

/* Begin XCConfigurationList section */
		071F29882DDBAEFC00F0FE77 /* Build configuration list for PBXProject "Formula1" */ = {
			isa = XCConfigurationList;
			buildConfigurations = (
				071F29AF2DDBAEFE00F0FE77 /* Debug */,
				071F29B02DDBAEFE00F0FE77 /* Release */,
			);
			defaultConfigurationIsVisible = 0;
			defaultConfigurationName = Release;
		};
		071F29B12DDBAEFE00F0FE77 /* Build configuration list for PBXNativeTarget "Formula1" */ = {
			isa = XCConfigurationList;
			buildConfigurations = (
				071F29B22DDBAEFE00F0FE77 /* Debug */,
				071F29B32DDBAEFE00F0FE77 /* Release */,
			);
			defaultConfigurationIsVisible = 0;
			defaultConfigurationName = Release;
		};
		071F29B42DDBAEFE00F0FE77 /* Build configuration list for PBXNativeTarget "Formula1Tests" */ = {
			isa = XCConfigurationList;
			buildConfigurations = (
				071F29B52DDBAEFE00F0FE77 /* Debug */,
				071F29B62DDBAEFE00F0FE77 /* Release */,
			);
			defaultConfigurationIsVisible = 0;
			defaultConfigurationName = Release;
		};
		071F29B72DDBAEFE00F0FE77 /* Build configuration list for PBXNativeTarget "Formula1UITests" */ = {
			isa = XCConfigurationList;
			buildConfigurations = (
				071F29B82DDBAEFE00F0FE77 /* Debug */,
				071F29B92DDBAEFE00F0FE77 /* Release */,
			);
			defaultConfigurationIsVisible = 0;
			defaultConfigurationName = Release;
		};
/* End XCConfigurationList section */
	};
	rootObject = 071F29852DDBAEFC00F0FE77 /* Project object */;
}
